
Microsoft Visual Studio Solution File, Format Version 12.00
# Visual Studio Version 16
VisualStudioVersion = 16.0.29519.87
MinimumVisualStudioVersion = 10.0.40219.1
Project("{888888A0-9F3D-457C-B088-3A5042F75D52}") = "fishing_3", "fishing_3.pyproj", "{8DBC7455-E7DD-4F21-B931-5726EB152E23}"
EndProject
Global
	GlobalSection(SolutionConfigurationPlatforms) = preSolution
		Debug|Any CPU = Debug|Any CPU
		Release|Any CPU = Release|Any CPU
	EndGlobalSection
	GlobalSection(ProjectConfigurationPlatforms) = postSolution
		{8DBC7455-E7DD-4F21-B931-5726EB152E23}.Debug|Any CPU.ActiveCfg = Debug|Any CPU
		{8DBC7455-E7DD-4F21-B931-5726EB152E23}.Release|Any CPU.ActiveCfg = Release|Any CPU
	EndGlobalSection
	GlobalSection(SolutionProperties) = preSolution
		HideSolutionNode = FALSE
	EndGlobalSection
	GlobalSection(ExtensibilityGlobals) = postSolution
		SolutionGuid = {E81E7C0E-1799-4472-962C-09621E850862}
	EndGlobalSection
EndGlobal
